
Microsoft Visual Studio Solution File, Format Version 12.00
# Visual Studio Version 16
VisualStudioVersion = 16.0.33328.57
MinimumVisualStudioVersion = 10.0.40219.1
Project("{FAE04EC0-301F-11D3-BF4B-00C04F79EFBC}") = "MysteriousTools", "MysteriousTools.csproj", "{CEDF7259-161C-49B4-9038-558191B99773}"
EndProject
Global
	GlobalSection(SolutionConfigurationPlatforms) = preSolution
		Debug|Any CPU = Debug|Any CPU
		Release|Any CPU = Release|Any CPU
	EndGlobalSection
	GlobalSection(ProjectConfigurationPlatforms) = postSolution
		{CEDF7259-161C-49B4-9038-558191B99773}.Debug|Any CPU.ActiveCfg = Debug|Any CPU
		{CEDF7259-161C-49B4-9038-558191B99773}.Debug|Any CPU.Build.0 = Debug|Any CPU
		{CEDF7259-161C-49B4-9038-558191B99773}.Release|Any CPU.ActiveCfg = Release|Any CPU
		{CEDF7259-161C-49B4-9038-558191B99773}.Release|Any CPU.Build.0 = Release|Any CPU
	EndGlobalSection
	GlobalSection(SolutionProperties) = preSolution
		HideSolutionNode = FALSE
	EndGlobalSection
	GlobalSection(ExtensibilityGlobals) = postSolution
		SolutionGuid = {E609363C-C3EB-49D7-AC61-53EC73591F7A}
	EndGlobalSection
EndGlobal
